{
  "requires": true,
  "lockfileVersion": 1,
  "dependencies": {
    "adm-zip": {
      "version": "0.4.11",
      "resolved": "https://registry.npmjs.org/adm-zip/-/adm-zip-0.4.11.tgz",
      "integrity": "sha512-L8vcjDTCOIJk7wFvmlEUN7AsSb8T+2JrdP7KINBjzr24TJ5Mwj590sLu3BC7zNZowvJWa/JtPmD8eJCzdtDWjA=="
    },
    "lodash": {
      "version": "4.17.11",
      "resolved": "https://registry.npmjs.org/lodash/-/lodash-4.17.11.tgz",
      "integrity": "sha512-cQKh8igo5QUhZ7lg38DYWAxMvjSAKG0A8wGSVimP07SIUEK2UO+arSRKbRZWtelMtN5V0Hkwh5ryOto/SshYIg=="
    },
    "ng2-smart-table": {
      "version": "1.3.5",
      "resolved": "https://registry.npmjs.org/ng2-smart-table/-/ng2-smart-table-1.3.5.tgz",
      "integrity": "sha512-ZKrldgq9HxhXk1CATEDtcgpwXgrWkX0l3Quc+rFba+esQniiS3daIHZV5yTc77LNBrw7N1MzIPudqTrTWslAPw==",
      "requires": {
        "lodash": "^4.17.10"
      }
    }
  }
}
